// !$*UTF8*$!
{
	archiveVersion = 1;
	classes = {
	};
	objectVersion = 56;
	objects = {

/* Begin PBXBuildFile section */
		398BAFA22BF33797006883F4 /* BaseViewController.swift in Sources */ = {isa = PBXBuildFile; fileRef = 398BAFA12BF33797006883F4 /* BaseViewController.swift */; };
		398BAFA42BF33823006883F4 /* ModalViewController.swift in Sources */ = {isa = PBXBuildFile; fileRef = 398BAFA32BF33823006883F4 /* ModalViewController.swift */; };
		398BAFA62BF359A6006883F4 /* WeatherDisplayPageViewController.swift in Sources */ = {isa = PBXBuildFile; fileRef = 398BAFA52BF359A6006883F4 /* WeatherDisplayPageViewController.swift */; };
		398BAFA82BF38893006883F4 /* ModalTableViewCell.swift in Sources */ = {isa = PBXBuildFile; fileRef = 398BAFA72BF38893006883F4 /* ModalTableViewCell.swift */; };
		39B423352BF596CF000E5C75 /* NoHighlightButton.swift in Sources */ = {isa = PBXBuildFile; fileRef = 39B423342BF596CF000E5C75 /* NoHighlightButton.swift */; };
		4D56DC262BF21FE9008EB3E2 /* LocationManagementViewContorller.swift in Sources */ = {isa = PBXBuildFile; fileRef = 4D56DC252BF21FE9008EB3E2 /* LocationManagementViewContorller.swift */; };
		4D56DC282BF22045008EB3E2 /* LocationManagementView.swift in Sources */ = {isa = PBXBuildFile; fileRef = 4D56DC272BF22045008EB3E2 /* LocationManagementView.swift */; };
		4D56DC2A2BF2FCF8008EB3E2 /* LocationManagementViewTableViewCell.swift in Sources */ = {isa = PBXBuildFile; fileRef = 4D56DC292BF2FCF8008EB3E2 /* LocationManagementViewTableViewCell.swift */; };
		CA00E5C82BF20E4000B05D3F /* Alamofire in Frameworks */ = {isa = PBXBuildFile; productRef = CA00E5C72BF20E4000B05D3F /* Alamofire */; };
		CA00E5CB2BF20E4900B05D3F /* SnapKit in Frameworks */ = {isa = PBXBuildFile; productRef = CA00E5CA2BF20E4900B05D3F /* SnapKit */; };
		CA00E5CD2BF20E5700B05D3F /* LocationSearchViewController.swift in Sources */ = {isa = PBXBuildFile; fileRef = CA00E5CC2BF20E5700B05D3F /* LocationSearchViewController.swift */; };
		CA00E5D22BF21F6200B05D3F /* LocationSearchResultTableViewCell.swift in Sources */ = {isa = PBXBuildFile; fileRef = CA00E5D12BF21F6200B05D3F /* LocationSearchResultTableViewCell.swift */; };
		CA00E5D42BF2265700B05D3F /* NewLocationPreviewViewController.swift in Sources */ = {isa = PBXBuildFile; fileRef = CA00E5D32BF2265700B05D3F /* NewLocationPreviewViewController.swift */; };
		CA00E5DA2BF3352D00B05D3F /* Weather.swift in Sources */ = {isa = PBXBuildFile; fileRef = CA00E5D92BF3352D00B05D3F /* Weather.swift */; };
		CA00E5DE2BF33A3E00B05D3F /* WeatherService.swift in Sources */ = {isa = PBXBuildFile; fileRef = CA00E5DD2BF33A3E00B05D3F /* WeatherService.swift */; };
		DE0C998B2BF1DC690059C655 /* AppDelegate.swift in Sources */ = {isa = PBXBuildFile; fileRef = DE0C998A2BF1DC690059C655 /* AppDelegate.swift */; };
		DE0C998D2BF1DC690059C655 /* SceneDelegate.swift in Sources */ = {isa = PBXBuildFile; fileRef = DE0C998C2BF1DC690059C655 /* SceneDelegate.swift */; };
		DE0C998F2BF1DC690059C655 /* ViewController.swift in Sources */ = {isa = PBXBuildFile; fileRef = DE0C998E2BF1DC690059C655 /* ViewController.swift */; };
		DE0C99922BF1DC690059C655 /* Base in Resources */ = {isa = PBXBuildFile; fileRef = DE0C99912BF1DC690059C655 /* Base */; };
		DE0C99972BF1DC6D0059C655 /* Assets.xcassets in Resources */ = {isa = PBXBuildFile; fileRef = DE0C99962BF1DC6D0059C655 /* Assets.xcassets */; };
		DE0C999A2BF1DC6D0059C655 /* Base in Resources */ = {isa = PBXBuildFile; fileRef = DE0C99992BF1DC6D0059C655 /* Base */; };
/* End PBXBuildFile section */

/* Begin PBXFileReference section */
		398BAFA12BF33797006883F4 /* BaseViewController.swift */ = {isa = PBXFileReference; lastKnownFileType = sourcecode.swift; path = BaseViewController.swift; sourceTree = "<group>"; };
		398BAFA32BF33823006883F4 /* ModalViewController.swift */ = {isa = PBXFileReference; lastKnownFileType = sourcecode.swift; path = ModalViewController.swift; sourceTree = "<group>"; };
		398BAFA52BF359A6006883F4 /* WeatherDisplayPageViewController.swift */ = {isa = PBXFileReference; lastKnownFileType = sourcecode.swift; path = WeatherDisplayPageViewController.swift; sourceTree = "<group>"; };
		398BAFA72BF38893006883F4 /* ModalTableViewCell.swift */ = {isa = PBXFileReference; lastKnownFileType = sourcecode.swift; path = ModalTableViewCell.swift; sourceTree = "<group>"; };
		39B423342BF596CF000E5C75 /* NoHighlightButton.swift */ = {isa = PBXFileReference; lastKnownFileType = sourcecode.swift; path = NoHighlightButton.swift; sourceTree = "<group>"; };
		4D56DC252BF21FE9008EB3E2 /* LocationManagementViewContorller.swift */ = {isa = PBXFileReference; lastKnownFileType = sourcecode.swift; path = LocationManagementViewContorller.swift; sourceTree = "<group>"; };
		4D56DC272BF22045008EB3E2 /* LocationManagementView.swift */ = {isa = PBXFileReference; lastKnownFileType = sourcecode.swift; path = LocationManagementView.swift; sourceTree = "<group>"; };
		4D56DC292BF2FCF8008EB3E2 /* LocationManagementViewTableViewCell.swift */ = {isa = PBXFileReference; lastKnownFileType = sourcecode.swift; path = LocationManagementViewTableViewCell.swift; sourceTree = "<group>"; };
		CA00E5CC2BF20E5700B05D3F /* LocationSearchViewController.swift */ = {isa = PBXFileReference; lastKnownFileType = sourcecode.swift; path = LocationSearchViewController.swift; sourceTree = "<group>"; };
		CA00E5D12BF21F6200B05D3F /* LocationSearchResultTableViewCell.swift */ = {isa = PBXFileReference; lastKnownFileType = sourcecode.swift; path = LocationSearchResultTableViewCell.swift; sourceTree = "<group>"; };
		CA00E5D32BF2265700B05D3F /* NewLocationPreviewViewController.swift */ = {isa = PBXFileReference; lastKnownFileType = sourcecode.swift; path = NewLocationPreviewViewController.swift; sourceTree = "<group>"; };
		CA00E5D92BF3352D00B05D3F /* Weather.swift */ = {isa = PBXFileReference; lastKnownFileType = sourcecode.swift; path = Weather.swift; sourceTree = "<group>"; };
		CA00E5DD2BF33A3E00B05D3F /* WeatherService.swift */ = {isa = PBXFileReference; lastKnownFileType = sourcecode.swift; path = WeatherService.swift; sourceTree = "<group>"; };
		DE0C99872BF1DC690059C655 /* BringYourUmbrella.app */ = {isa = PBXFileReference; explicitFileType = wrapper.application; includeInIndex = 0; path = BringYourUmbrella.app; sourceTree = BUILT_PRODUCTS_DIR; };
		DE0C998A2BF1DC690059C655 /* AppDelegate.swift */ = {isa = PBXFileReference; lastKnownFileType = sourcecode.swift; path = AppDelegate.swift; sourceTree = "<group>"; };
		DE0C998C2BF1DC690059C655 /* SceneDelegate.swift */ = {isa = PBXFileReference; lastKnownFileType = sourcecode.swift; path = SceneDelegate.swift; sourceTree = "<group>"; };
		DE0C998E2BF1DC690059C655 /* ViewController.swift */ = {isa = PBXFileReference; lastKnownFileType = sourcecode.swift; path = ViewController.swift; sourceTree = "<group>"; };
		DE0C99912BF1DC690059C655 /* Base */ = {isa = PBXFileReference; lastKnownFileType = file.storyboard; name = Base; path = Base.lproj/Main.storyboard; sourceTree = "<group>"; };
		DE0C99962BF1DC6D0059C655 /* Assets.xcassets */ = {isa = PBXFileReference; lastKnownFileType = folder.assetcatalog; path = Assets.xcassets; sourceTree = "<group>"; };
		DE0C99992BF1DC6D0059C655 /* Base */ = {isa = PBXFileReference; lastKnownFileType = file.storyboard; name = Base; path = Base.lproj/LaunchScreen.storyboard; sourceTree = "<group>"; };
		DE0C999B2BF1DC6D0059C655 /* Info.plist */ = {isa = PBXFileReference; lastKnownFileType = text.plist.xml; path = Info.plist; sourceTree = "<group>"; };
/* End PBXFileReference section */

/* Begin PBXFrameworksBuildPhase section */
		DE0C99842BF1DC690059C655 /* Frameworks */ = {
			isa = PBXFrameworksBuildPhase;
			buildActionMask = 2147483647;
			files = (
				CA00E5C82BF20E4000B05D3F /* Alamofire in Frameworks */,
				CA00E5CB2BF20E4900B05D3F /* SnapKit in Frameworks */,
			);
			runOnlyForDeploymentPostprocessing = 0;
		};
/* End PBXFrameworksBuildPhase section */

/* Begin PBXGroup section */
		CA00E5E22BF33FEE00B05D3F /* WeatherAPI */ = {
			isa = PBXGroup;
			children = (
				CA00E5D92BF3352D00B05D3F /* Weather.swift */,
				CA00E5DD2BF33A3E00B05D3F /* WeatherService.swift */,
			);
			path = WeatherAPI;
			sourceTree = "<group>";
		};
		DE0C997E2BF1DC680059C655 = {
			isa = PBXGroup;
			children = (
				DE0C99892BF1DC690059C655 /* BringYourUmbrella */,
				DE0C99882BF1DC690059C655 /* Products */,
			);
			sourceTree = "<group>";
		};
		DE0C99882BF1DC690059C655 /* Products */ = {
			isa = PBXGroup;
			children = (
				DE0C99872BF1DC690059C655 /* BringYourUmbrella.app */,
			);
			name = Products;
			sourceTree = "<group>";
		};
		DE0C99892BF1DC690059C655 /* BringYourUmbrella */ = {
			isa = PBXGroup;
			children = (
				DE0C998A2BF1DC690059C655 /* AppDelegate.swift */,
				DE0C998C2BF1DC690059C655 /* SceneDelegate.swift */,
				DED5857C2BF3C12A00D1D8FE /* Models */,
				DED5857B2BF3C12300D1D8FE /* Views */,
				DED5857A2BF3C11A00D1D8FE /* Controllers */,
				DE0C99962BF1DC6D0059C655 /* Assets.xcassets */,
				DE0C999B2BF1DC6D0059C655 /* Info.plist */,
			);
			path = BringYourUmbrella;
			sourceTree = "<group>";
		};
		DED5857A2BF3C11A00D1D8FE /* Controllers */ = {
			isa = PBXGroup;
			children = (
				DE0C998E2BF1DC690059C655 /* ViewController.swift */,
				398BAFA12BF33797006883F4 /* BaseViewController.swift */,
				398BAFA52BF359A6006883F4 /* WeatherDisplayPageViewController.swift */,
				398BAFA32BF33823006883F4 /* ModalViewController.swift */,
				CA00E5CC2BF20E5700B05D3F /* LocationSearchViewController.swift */,
				CA00E5D32BF2265700B05D3F /* NewLocationPreviewViewController.swift */,
				4D56DC252BF21FE9008EB3E2 /* LocationManagementViewContorller.swift */,
				39B423342BF596CF000E5C75 /* NoHighlightButton.swift */,
			);
			path = Controllers;
			sourceTree = "<group>";
		};
		DED5857B2BF3C12300D1D8FE /* Views */ = {
			isa = PBXGroup;
			children = (
				DE0C99902BF1DC690059C655 /* Main.storyboard */,
				DE0C99982BF1DC6D0059C655 /* LaunchScreen.storyboard */,
				4D56DC272BF22045008EB3E2 /* LocationManagementView.swift */,
				398BAFA72BF38893006883F4 /* ModalTableViewCell.swift */,
				CA00E5D12BF21F6200B05D3F /* LocationSearchResultTableViewCell.swift */,
				4D56DC292BF2FCF8008EB3E2 /* LocationManagementViewTableViewCell.swift */,
			);
			path = Views;
			sourceTree = "<group>";
		};
		DED5857C2BF3C12A00D1D8FE /* Models */ = {
			isa = PBXGroup;
			children = (
				CA00E5E22BF33FEE00B05D3F /* WeatherAPI */,
			);
			path = Models;
			sourceTree = "<group>";
		};
/* End PBXGroup section */

/* Begin PBXNativeTarget section */
		DE0C99862BF1DC690059C655 /* BringYourUmbrella */ = {
			isa = PBXNativeTarget;
			buildConfigurationList = DE0C999E2BF1DC6D0059C655 /* Build configuration list for PBXNativeTarget "BringYourUmbrella" */;
			buildPhases = (
				DE0C99832BF1DC690059C655 /* Sources */,
				DE0C99842BF1DC690059C655 /* Frameworks */,
				DE0C99852BF1DC690059C655 /* Resources */,
			);
			buildRules = (
			);
			dependencies = (
			);
			name = BringYourUmbrella;
			packageProductDependencies = (
				CA00E5C72BF20E4000B05D3F /* Alamofire */,
				CA00E5CA2BF20E4900B05D3F /* SnapKit */,
			);
			productName = BringYourUmbrella;
			productReference = DE0C99872BF1DC690059C655 /* BringYourUmbrella.app */;
			productType = "com.apple.product-type.application";
		};
/* End PBXNativeTarget section */

/* Begin PBXProject section */
		DE0C997F2BF1DC690059C655 /* Project object */ = {
			isa = PBXProject;
			attributes = {
				BuildIndependentTargetsInParallel = 1;
				LastSwiftUpdateCheck = 1530;
				LastUpgradeCheck = 1530;
				TargetAttributes = {
					DE0C99862BF1DC690059C655 = {
						CreatedOnToolsVersion = 15.3;
					};
				};
			};
			buildConfigurationList = DE0C99822BF1DC690059C655 /* Build configuration list for PBXProject "BringYourUmbrella" */;
			compatibilityVersion = "Xcode 14.0";
			developmentRegion = en;
			hasScannedForEncodings = 0;
			knownRegions = (
				en,
				Base,
			);
			mainGroup = DE0C997E2BF1DC680059C655;
			packageReferences = (
				CA00E5C62BF20E4000B05D3F /* XCRemoteSwiftPackageReference "Alamofire" */,
				CA00E5C92BF20E4900B05D3F /* XCRemoteSwiftPackageReference "SnapKit" */,
			);
			productRefGroup = DE0C99882BF1DC690059C655 /* Products */;
			projectDirPath = "";
			projectRoot = "";
			targets = (
				DE0C99862BF1DC690059C655 /* BringYourUmbrella */,
			);
		};
/* End PBXProject section */

/* Begin PBXResourcesBuildPhase section */
		DE0C99852BF1DC690059C655 /* Resources */ = {
			isa = PBXResourcesBuildPhase;
			buildActionMask = 2147483647;
			files = (
				DE0C99972BF1DC6D0059C655 /* Assets.xcassets in Resources */,
				DE0C999A2BF1DC6D0059C655 /* Base in Resources */,
				DE0C99922BF1DC690059C655 /* Base in Resources */,
			);
			runOnlyForDeploymentPostprocessing = 0;
		};
/* End PBXResourcesBuildPhase section */

/* Begin PBXSourcesBuildPhase section */
		DE0C99832BF1DC690059C655 /* Sources */ = {
			isa = PBXSourcesBuildPhase;
			buildActionMask = 2147483647;
			files = (
				CA00E5D42BF2265700B05D3F /* NewLocationPreviewViewController.swift in Sources */,
				4D56DC2A2BF2FCF8008EB3E2 /* LocationManagementViewTableViewCell.swift in Sources */,
				4D56DC262BF21FE9008EB3E2 /* LocationManagementViewContorller.swift in Sources */,
				39B423352BF596CF000E5C75 /* NoHighlightButton.swift in Sources */,
				DE0C998F2BF1DC690059C655 /* ViewController.swift in Sources */,
				CA00E5DE2BF33A3E00B05D3F /* WeatherService.swift in Sources */,
				398BAFA82BF38893006883F4 /* ModalTableViewCell.swift in Sources */,
				DE0C998B2BF1DC690059C655 /* AppDelegate.swift in Sources */,
				CA00E5CD2BF20E5700B05D3F /* LocationSearchViewController.swift in Sources */,
				398BAFA62BF359A6006883F4 /* WeatherDisplayPageViewController.swift in Sources */,
				DE0C998D2BF1DC690059C655 /* SceneDelegate.swift in Sources */,
				CA00E5DA2BF3352D00B05D3F /* Weather.swift in Sources */,
				CA00E5D22BF21F6200B05D3F /* LocationSearchResultTableViewCell.swift in Sources */,
				4D56DC282BF22045008EB3E2 /* LocationManagementView.swift in Sources */,
				398BAFA22BF33797006883F4 /* BaseViewController.swift in Sources */,
				398BAFA42BF33823006883F4 /* ModalViewController.swift in Sources */,
			);
			runOnlyForDeploymentPostprocessing = 0;
		};
/* End PBXSourcesBuildPhase section */

/* Begin PBXVariantGroup section */
		DE0C99902BF1DC690059C655 /* Main.storyboard */ = {
			isa = PBXVariantGroup;
			children = (
				DE0C99912BF1DC690059C655 /* Base */,
			);
			name = Main.storyboard;
			sourceTree = "<group>";
		};
		DE0C99982BF1DC6D0059C655 /* LaunchScreen.storyboard */ = {
			isa = PBXVariantGroup;
			children = (
				DE0C99992BF1DC6D0059C655 /* Base */,
			);
			name = LaunchScreen.storyboard;
			sourceTree = "<group>";
		};
/* End PBXVariantGroup section */

/* Begin XCBuildConfiguration section */
		DE0C999C2BF1DC6D0059C655 /* Debug */ = {
			isa = XCBuildConfiguration;
			buildSettings = {
				ALWAYS_SEARCH_USER_PATHS = NO;
				ASSETCATALOG_COMPILER_GENERATE_SWIFT_ASSET_SYMBOL_EXTENSIONS = YES;
				CLANG_ANALYZER_NONNULL = YES;
				CLANG_ANALYZER_NUMBER_OBJECT_CONVERSION = YES_AGGRESSIVE;
				CLANG_CXX_LANGUAGE_STANDARD = "gnu++20";
				CLANG_ENABLE_MODULES = YES;
				CLANG_ENABLE_OBJC_ARC = YES;
				CLANG_ENABLE_OBJC_WEAK = YES;
				CLANG_WARN_BLOCK_CAPTURE_AUTORELEASING = YES;
				CLANG_WARN_BOOL_CONVERSION = YES;
				CLANG_WARN_COMMA = YES;
				CLANG_WARN_CONSTANT_CONVERSION = YES;
				CLANG_WARN_DEPRECATED_OBJC_IMPLEMENTATIONS = YES;
				CLANG_WARN_DIRECT_OBJC_ISA_USAGE = YES_ERROR;
				CLANG_WARN_DOCUMENTATION_COMMENTS = YES;
				CLANG_WARN_EMPTY_BODY = YES;
				CLANG_WARN_ENUM_CONVERSION = YES;
				CLANG_WARN_INFINITE_RECURSION = YES;
				CLANG_WARN_INT_CONVERSION = YES;
				CLANG_WARN_NON_LITERAL_NULL_CONVERSION = YES;
				CLANG_WARN_OBJC_IMPLICIT_RETAIN_SELF = YES;
				CLANG_WARN_OBJC_LITERAL_CONVERSION = YES;
				CLANG_WARN_OBJC_ROOT_CLASS = YES_ERROR;
				CLANG_WARN_QUOTED_INCLUDE_IN_FRAMEWORK_HEADER = YES;
				CLANG_WARN_RANGE_LOOP_ANALYSIS = YES;
				CLANG_WARN_STRICT_PROTOTYPES = YES;
				CLANG_WARN_SUSPICIOUS_MOVE = YES;
				CLANG_WARN_UNGUARDED_AVAILABILITY = YES_AGGRESSIVE;
				CLANG_WARN_UNREACHABLE_CODE = YES;
				CLANG_WARN__DUPLICATE_METHOD_MATCH = YES;
				COPY_PHASE_STRIP = NO;
				DEBUG_INFORMATION_FORMAT = dwarf;
				ENABLE_STRICT_OBJC_MSGSEND = YES;
				ENABLE_TESTABILITY = YES;
				ENABLE_USER_SCRIPT_SANDBOXING = YES;
				GCC_C_LANGUAGE_STANDARD = gnu17;
				GCC_DYNAMIC_NO_PIC = NO;
				GCC_NO_COMMON_BLOCKS = YES;
				GCC_OPTIMIZATION_LEVEL = 0;
				GCC_PREPROCESSOR_DEFINITIONS = (
					"DEBUG=1",
					"$(inherited)",
				);
				GCC_WARN_64_TO_32_BIT_CONVERSION = YES;
				GCC_WARN_ABOUT_RETURN_TYPE = YES_ERROR;
				GCC_WARN_UNDECLARED_SELECTOR = YES;
				GCC_WARN_UNINITIALIZED_AUTOS = YES_AGGRESSIVE;
				GCC_WARN_UNUSED_FUNCTION = YES;
				GCC_WARN_UNUSED_VARIABLE = YES;
				IPHONEOS_DEPLOYMENT_TARGET = 17.0;
				LOCALIZATION_PREFERS_STRING_CATALOGS = YES;
				MTL_ENABLE_DEBUG_INFO = INCLUDE_SOURCE;
				MTL_FAST_MATH = YES;
				ONLY_ACTIVE_ARCH = YES;
				SDKROOT = iphoneos;
				SWIFT_ACTIVE_COMPILATION_CONDITIONS = "DEBUG $(inherited)";
				SWIFT_OPTIMIZATION_LEVEL = "-Onone";
			};
			name = Debug;
		};
		DE0C999D2BF1DC6D0059C655 /* Release */ = {
			isa = XCBuildConfiguration;
			buildSettings = {
				ALWAYS_SEARCH_USER_PATHS = NO;
				ASSETCATALOG_COMPILER_GENERATE_SWIFT_ASSET_SYMBOL_EXTENSIONS = YES;
				CLANG_ANALYZER_NONNULL = YES;
				CLANG_ANALYZER_NUMBER_OBJECT_CONVERSION = YES_AGGRESSIVE;
				CLANG_CXX_LANGUAGE_STANDARD = "gnu++20";
				CLANG_ENABLE_MODULES = YES;
				CLANG_ENABLE_OBJC_ARC = YES;
				CLANG_ENABLE_OBJC_WEAK = YES;
				CLANG_WARN_BLOCK_CAPTURE_AUTORELEASING = YES;
				CLANG_WARN_BOOL_CONVERSION = YES;
				CLANG_WARN_COMMA = YES;
				CLANG_WARN_CONSTANT_CONVERSION = YES;
				CLANG_WARN_DEPRECATED_OBJC_IMPLEMENTATIONS = YES;
				CLANG_WARN_DIRECT_OBJC_ISA_USAGE = YES_ERROR;
				CLANG_WARN_DOCUMENTATION_COMMENTS = YES;
				CLANG_WARN_EMPTY_BODY = YES;
				CLANG_WARN_ENUM_CONVERSION = YES;
				CLANG_WARN_INFINITE_RECURSION = YES;
				CLANG_WARN_INT_CONVERSION = YES;
				CLANG_WARN_NON_LITERAL_NULL_CONVERSION = YES;
				CLANG_WARN_OBJC_IMPLICIT_RETAIN_SELF = YES;
				CLANG_WARN_OBJC_LITERAL_CONVERSION = YES;
				CLANG_WARN_OBJC_ROOT_CLASS = YES_ERROR;
				CLANG_WARN_QUOTED_INCLUDE_IN_FRAMEWORK_HEADER = YES;
				CLANG_WARN_RANGE_LOOP_ANALYSIS = YES;
				CLANG_WARN_STRICT_PROTOTYPES = YES;
				CLANG_WARN_SUSPICIOUS_MOVE = YES;
				CLANG_WARN_UNGUARDED_AVAILABILITY = YES_AGGRESSIVE;
				CLANG_WARN_UNREACHABLE_CODE = YES;
				CLANG_WARN__DUPLICATE_METHOD_MATCH = YES;
				COPY_PHASE_STRIP = NO;
				DEBUG_INFORMATION_FORMAT = "dwarf-with-dsym";
				ENABLE_NS_ASSERTIONS = NO;
				ENABLE_STRICT_OBJC_MSGSEND = YES;
				ENABLE_USER_SCRIPT_SANDBOXING = YES;
				GCC_C_LANGUAGE_STANDARD = gnu17;
				GCC_NO_COMMON_BLOCKS = YES;
				GCC_WARN_64_TO_32_BIT_CONVERSION = YES;
				GCC_WARN_ABOUT_RETURN_TYPE = YES_ERROR;
				GCC_WARN_UNDECLARED_SELECTOR = YES;
				GCC_WARN_UNINITIALIZED_AUTOS = YES_AGGRESSIVE;
				GCC_WARN_UNUSED_FUNCTION = YES;
				GCC_WARN_UNUSED_VARIABLE = YES;
				IPHONEOS_DEPLOYMENT_TARGET = 17.0;
				LOCALIZATION_PREFERS_STRING_CATALOGS = YES;
				MTL_ENABLE_DEBUG_INFO = NO;
				MTL_FAST_MATH = YES;
				SDKROOT = iphoneos;
				SWIFT_COMPILATION_MODE = wholemodule;
				VALIDATE_PRODUCT = YES;
			};
			name = Release;
		};
		DE0C999F2BF1DC6D0059C655 /* Debug */ = {
			isa = XCBuildConfiguration;
			buildSettings = {
				ASSETCATALOG_COMPILER_APPICON_NAME = AppIcon;
				ASSETCATALOG_COMPILER_GLOBAL_ACCENT_COLOR_NAME = AccentColor;
				CODE_SIGN_STYLE = Automatic;
				CURRENT_PROJECT_VERSION = 1;
				DEVELOPMENT_TEAM = 694BMG973X;
				GENERATE_INFOPLIST_FILE = YES;
				INFOPLIST_FILE = BringYourUmbrella/Info.plist;
				INFOPLIST_KEY_UIApplicationSupportsIndirectInputEvents = YES;
				INFOPLIST_KEY_UILaunchStoryboardName = LaunchScreen;
				INFOPLIST_KEY_UIMainStoryboardFile = Main;
				INFOPLIST_KEY_UISupportedInterfaceOrientations = UIInterfaceOrientationPortrait;
				INFOPLIST_KEY_UISupportedInterfaceOrientations_iPad = "UIInterfaceOrientationLandscapeLeft UIInterfaceOrientationLandscapeRight UIInterfaceOrientationPortrait UIInterfaceOrientationPortraitUpsideDown";
				IPHONEOS_DEPLOYMENT_TARGET = 15.0;
				LD_RUNPATH_SEARCH_PATHS = (
					"$(inherited)",
					"@executable_path/Frameworks",
				);
				MARKETING_VERSION = 1.0;
				PRODUCT_BUNDLE_IDENTIFIER = com.github.Chynmn.BringYourUmbrella;
				PRODUCT_NAME = "$(TARGET_NAME)";
				SUPPORTED_PLATFORMS = "iphoneos iphonesimulator";
				SUPPORTS_MACCATALYST = NO;
				SUPPORTS_MAC_DESIGNED_FOR_IPHONE_IPAD = NO;
				SUPPORTS_XR_DESIGNED_FOR_IPHONE_IPAD = NO;
				SWIFT_EMIT_LOC_STRINGS = YES;
				SWIFT_VERSION = 5.0;
				TARGETED_DEVICE_FAMILY = 1;
			};
			name = Debug;
		};
		DE0C99A02BF1DC6D0059C655 /* Release */ = {
			isa = XCBuildConfiguration;
			buildSettings = {
				ASSETCATALOG_COMPILER_APPICON_NAME = AppIcon;
				ASSETCATALOG_COMPILER_GLOBAL_ACCENT_COLOR_NAME = AccentColor;
				CODE_SIGN_STYLE = Automatic;
				CURRENT_PROJECT_VERSION = 1;
				DEVELOPMENT_TEAM = 694BMG973X;
				GENERATE_INFOPLIST_FILE = YES;
				INFOPLIST_FILE = BringYourUmbrella/Info.plist;
				INFOPLIST_KEY_UIApplicationSupportsIndirectInputEvents = YES;
				INFOPLIST_KEY_UILaunchStoryboardName = LaunchScreen;
				INFOPLIST_KEY_UIMainStoryboardFile = Main;
				INFOPLIST_KEY_UISupportedInterfaceOrientations = UIInterfaceOrientationPortrait;
				INFOPLIST_KEY_UISupportedInterfaceOrientations_iPad = "UIInterfaceOrientationLandscapeLeft UIInterfaceOrientationLandscapeRight UIInterfaceOrientationPortrait UIInterfaceOrientationPortraitUpsideDown";
				IPHONEOS_DEPLOYMENT_TARGET = 15.0;
				LD_RUNPATH_SEARCH_PATHS = (
					"$(inherited)",
					"@executable_path/Frameworks",
				);
				MARKETING_VERSION = 1.0;
				PRODUCT_BUNDLE_IDENTIFIER = com.github.Chynmn.BringYourUmbrella;
				PRODUCT_NAME = "$(TARGET_NAME)";
				SUPPORTED_PLATFORMS = "iphoneos iphonesimulator";
				SUPPORTS_MACCATALYST = NO;
				SUPPORTS_MAC_DESIGNED_FOR_IPHONE_IPAD = NO;
				SUPPORTS_XR_DESIGNED_FOR_IPHONE_IPAD = NO;
				SWIFT_EMIT_LOC_STRINGS = YES;
				SWIFT_VERSION = 5.0;
				TARGETED_DEVICE_FAMILY = 1;
			};
			name = Release;
		};
/* End XCBuildConfiguration section */

/* Begin XCConfigurationList section */
		DE0C99822BF1DC690059C655 /* Build configuration list for PBXProject "BringYourUmbrella" */ = {
			isa = XCConfigurationList;
			buildConfigurations = (
				DE0C999C2BF1DC6D0059C655 /* Debug */,
				DE0C999D2BF1DC6D0059C655 /* Release */,
			);
			defaultConfigurationIsVisible = 0;
			defaultConfigurationName = Release;
		};
		DE0C999E2BF1DC6D0059C655 /* Build configuration list for PBXNativeTarget "BringYourUmbrella" */ = {
			isa = XCConfigurationList;
			buildConfigurations = (
				DE0C999F2BF1DC6D0059C655 /* Debug */,
				DE0C99A02BF1DC6D0059C655 /* Release */,
			);
			defaultConfigurationIsVisible = 0;
			defaultConfigurationName = Release;
		};
/* End XCConfigurationList section */

/* Begin XCRemoteSwiftPackageReference section */
		CA00E5C62BF20E4000B05D3F /* XCRemoteSwiftPackageReference "Alamofire" */ = {
			isa = XCRemoteSwiftPackageReference;
			repositoryURL = "https://github.com/Alamofire/Alamofire.git";
			requirement = {
				kind = upToNextMajorVersion;
				minimumVersion = 5.9.1;
			};
		};
		CA00E5C92BF20E4900B05D3F /* XCRemoteSwiftPackageReference "SnapKit" */ = {
			isa = XCRemoteSwiftPackageReference;
			repositoryURL = "https://github.com/SnapKit/SnapKit.git";
			requirement = {
				kind = upToNextMajorVersion;
				minimumVersion = 5.7.1;
			};
		};
/* End XCRemoteSwiftPackageReference section */

/* Begin XCSwiftPackageProductDependency section */
		CA00E5C72BF20E4000B05D3F /* Alamofire */ = {
			isa = XCSwiftPackageProductDependency;
			package = CA00E5C62BF20E4000B05D3F /* XCRemoteSwiftPackageReference "Alamofire" */;
			productName = Alamofire;
		};
		CA00E5CA2BF20E4900B05D3F /* SnapKit */ = {
			isa = XCSwiftPackageProductDependency;
			package = CA00E5C92BF20E4900B05D3F /* XCRemoteSwiftPackageReference "SnapKit" */;
			productName = SnapKit;
		};
/* End XCSwiftPackageProductDependency section */
	};
	rootObject = DE0C997F2BF1DC690059C655 /* Project object */;
}
